
Microsoft Visual Studio Solution File, Format Version 12.00
# Visual Studio Version 16
VisualStudioVersion = 16.0.29926.136
MinimumVisualStudioVersion = 10.0.40219.1
Project("{FAE04EC0-301F-11D3-BF4B-00C04F79EFBC}") = "LINQProblem", "LINQProblem\LINQProblem.csproj", "{8C91D33F-24D8-4EC8-9BF7-0D66A6932A5D}"
EndProject
Global
	GlobalSection(SolutionConfigurationPlatforms) = preSolution
		Debug|Any CPU = Debug|Any CPU
		Release|Any CPU = Release|Any CPU
	EndGlobalSection
	GlobalSection(ProjectConfigurationPlatforms) = postSolution
		{8C91D33F-24D8-4EC8-9BF7-0D66A6932A5D}.Debug|Any CPU.ActiveCfg = Debug|Any CPU
		{8C91D33F-24D8-4EC8-9BF7-0D66A6932A5D}.Debug|Any CPU.Build.0 = Debug|Any CPU
		{8C91D33F-24D8-4EC8-9BF7-0D66A6932A5D}.Release|Any CPU.ActiveCfg = Release|Any CPU
		{8C91D33F-24D8-4EC8-9BF7-0D66A6932A5D}.Release|Any CPU.Build.0 = Release|Any CPU
	EndGlobalSection
	GlobalSection(SolutionProperties) = preSolution
		HideSolutionNode = FALSE
	EndGlobalSection
	GlobalSection(ExtensibilityGlobals) = postSolution
		SolutionGuid = {96672273-7AEB-4DB4-BE63-E2297972ED58}
	EndGlobalSection
EndGlobal
